version: 6
environments:
  default:
    channels:
    - url: https://repo.anaconda.com/pkgs/main/
    options:
      pypi-prerelease-mode: if-necessary-or-explicit
    packages:
      linux-64:
      - conda: https://repo.anaconda.com/pkgs/main/linux-64/_openmp_mutex-5.1-52_gnu.conda
      - conda: https://repo.anaconda.com/pkgs/main/linux-64/ca-certificates-2026.5.14-h06a4308_0.conda
      - conda: https://repo.anaconda.com/pkgs/main/linux-64/libgcc-15.2.0-h69a1729_8.conda
      - conda: https://repo.anaconda.com/pkgs/main/linux-64/openssl-3.5.7-h1b28b03_0.conda
      - conda: https://repo.anaconda.com/pkgs/main/linux-64/pixi-0.70.2-hef7b95b_0.conda
      linux-aarch64:
      - conda: https://repo.anaconda.com/pkgs/main/linux-aarch64/_openmp_mutex-5.1-52_gnu.conda
      - conda: https://repo.anaconda.com/pkgs/main/linux-aarch64/ca-certificates-2026.5.14-hd43f75c_0.conda
      - conda: https://repo.anaconda.com/pkgs/main/linux-aarch64/libgcc-15.2.0-hc18542e_8.conda
      - conda: https://repo.anaconda.com/pkgs/main/linux-aarch64/openssl-3.5.7-h39c9139_0.conda
      - conda: https://repo.anaconda.com/pkgs/main/linux-aarch64/pixi-0.70.2-h29eaca7_0.conda
      osx-arm64:
      - conda: https://repo.anaconda.com/pkgs/main/osx-arm64/pixi-0.70.2-h46fb4a7_0.conda
      win-64:
      - conda: https://repo.anaconda.com/pkgs/main/win-64/pixi-0.70.2-hd20cfba_0.conda
      - conda: https://repo.anaconda.com/pkgs/main/win-64/ucrt-10.0.22621.0-haa95532_0.conda
      - conda: https://repo.anaconda.com/pkgs/main/win-64/vc-14.3-h2df5915_12.conda
      - conda: https://repo.anaconda.com/pkgs/main/win-64/vc14_runtime-14.44.35208-h4927774_12.conda
packages:
- conda: https://repo.anaconda.com/pkgs/main/linux-64/_openmp_mutex-5.1-52_gnu.conda
  build_number: 52
  sha256: 2f2c16a33f51ba032e8d4929b4d2e9173d81931d8d280a4a4a85a2412e8bdaf0
  md5: 8c74a3d91bfc4b484c91ed7201f84fba
  license: BSD-3-Clause
  license_family: BSD
  size: 6672
  timestamp: 1779131107752
- conda: https://repo.anaconda.com/pkgs/main/linux-aarch64/_openmp_mutex-5.1-52_gnu.conda
  build_number: 52
  sha256: a565f285cdcb14894ba4e8a081fcec0ce7a3b9636d3fe7be709c849438b08b79
  md5: f367f6af1c675137019bcded877b4a59
  license: BSD-3-Clause
  license_family: BSD
  size: 6626
  timestamp: 1779131108070
- conda: https://repo.anaconda.com/pkgs/main/linux-64/ca-certificates-2026.5.14-h06a4308_0.conda
  sha256: 5950470e038010db93938a18891cacf9878e2b0929396754529b01485213f9aa
  md5: 16c8384e6e546a181720f7f2f2da717b
  license: MPL-2.0
  license_family: Other
  size: 109982
  timestamp: 1779369544071
- conda: https://repo.anaconda.com/pkgs/main/linux-aarch64/ca-certificates-2026.5.14-hd43f75c_0.conda
  sha256: 1952de6b37c0a04ff26b9e719e842742fd20d3d90cff7e6ae71d59f6eacd8b35
  md5: 53fbdd199058951543bd02ea5f55290c
  license: MPL-2.0
  license_family: Other
  size: 109983
  timestamp: 1779369526496
- conda: https://repo.anaconda.com/pkgs/main/linux-64/libgcc-15.2.0-h69a1729_8.conda
  sha256: 10fbca6e0cc0da1018f82f3c92e3841e734e704dbfee5df88ae652a49d8b402f
  md5: 44a53b93cf0953bde4b0f4e610cef1c3
  depends:
  - __glibc >=2.28,<3.0.a0
  - _openmp_mutex * *_gnu
  constrains:
  - libgomp 15.2.0 h4751f2c_8
  - libgcc-ng ==15.2.0=*_8
  license: GPL-3.0-only WITH GCC-exception-3.1
  size: 822224
  timestamp: 1779212817826
- conda: https://repo.anaconda.com/pkgs/main/linux-aarch64/libgcc-15.2.0-hc18542e_8.conda
  sha256: 71fc8b5195cb0724371da87c77c45c0428ae6686f5735709315eb54e9948f64b
  md5: d7b72fca6c8e51b78b9a278a48535717
  depends:
  - __glibc >=2.28,<3.0.a0
  - _openmp_mutex * *_gnu
  constrains:
  - libgcc-ng ==15.2.0=*_8
  - libgomp 15.2.0 hf47c802_8
  license: GPL-3.0-only WITH GCC-exception-3.1
  size: 511167
  timestamp: 1779212371593
- conda: https://repo.anaconda.com/pkgs/main/linux-64/openssl-3.5.7-h1b28b03_0.conda
  sha256: dc81e47be134c1449a1232ace2af3688f7b61666717bc90a25deadc152d6344c
  md5: ae75e695171e5244c01c5548e2d72595
  depends:
  - __glibc >=2.28,<3.0.a0
  - ca-certificates
  - libgcc >=14
  license: Apache-2.0
  license_family: Apache
  size: 5728518
  timestamp: 1781035065531
- conda: https://repo.anaconda.com/pkgs/main/linux-aarch64/openssl-3.5.7-h39c9139_0.conda
  sha256: d0c6bba171aaeb6202740a9382ff92a7e46b6fe2332fe56449a618594781fa7e
  md5: 4febacaa2bb0d79f135d5dbf06d749f6
  depends:
  - __glibc >=2.28,<3.0.a0
  - ca-certificates
  - libgcc >=14
  license: Apache-2.0
  license_family: Apache
  size: 6775442
  timestamp: 1781035058059
- conda: https://repo.anaconda.com/pkgs/main/linux-64/pixi-0.70.2-hef7b95b_0.conda
  sha256: 61b134db243665eda0e3f2abb1b0dabc2d23c14127b2d432b422ae20a82f020b
  md5: 18ab279deb1cfd600f343d8556da1a49
  depends:
  - __glibc >=2.28,<3.0.a0
  - libgcc >=14
  - openssl >=3.5.6,<4.0a0
  license: BSD-3-Clause
  license_family: BSD
  size: 28096140
  timestamp: 1781026463558
- conda: https://repo.anaconda.com/pkgs/main/linux-aarch64/pixi-0.70.2-h29eaca7_0.conda
  sha256: 531da7c8cff5680159026430dfe55339299c3573979686d42fc37af1acf336fa
  md5: 98ca26c0c87035847e3d62e5398fc102
  depends:
  - __glibc >=2.28,<3.0.a0
  - libgcc >=14
  - openssl >=3.5.6,<4.0a0
  license: BSD-3-Clause
  license_family: BSD
  size: 26466128
  timestamp: 1781026424663
- conda: https://repo.anaconda.com/pkgs/main/osx-arm64/pixi-0.70.2-h46fb4a7_0.conda
  sha256: d373c585e5187c2f0075abea1995aa1683ea3c31ccd6ce1b77125d90c461703b
  md5: 2933bba335b39167d1826ae52829fd42
  depends:
  - __osx >=12.1
  license: BSD-3-Clause
  license_family: BSD
  size: 23999492
  timestamp: 1781026084347
- conda: https://repo.anaconda.com/pkgs/main/win-64/pixi-0.70.2-hd20cfba_0.conda
  sha256: 6c5889a84b82ce83fa842996551f092cf180caf157cb11954c3abdcf05f44d6b
  md5: f7052bfd5ce6f0e2050d35c3c277d822
  depends:
  - ucrt >=10.0.20348.0
  - vc >=14.3,<15
  - vc14_runtime >=14.44.35208
  license: BSD-3-Clause
  license_family: BSD
  size: 27043332
  timestamp: 1781027685431
- conda: https://repo.anaconda.com/pkgs/main/win-64/ucrt-10.0.22621.0-haa95532_0.conda
  sha256: 9dfca4fb23f20e62a48b9c52e2fdf4d0d34bb31eb6a930c2195fcd10651b3cc3
  md5: 15e1b10231d7d236520501fcfb440f31
  constrains:
  - vs2015_runtime >=14.29.30037
  license: LicenseRef-MicrosoftWindowsSDK10
  size: 634816
  timestamp: 1752158202557
- conda: https://repo.anaconda.com/pkgs/main/win-64/vc-14.3-h2df5915_12.conda
  sha256: 81f68bd3f7e74032547fc3c2b1d7d914b2688cc11f2470625c5c65d49d1474bd
  md5: 6737bfee92a331a876eadd8a2af7bc09
  depends:
  - vc14_runtime >=14.42.34433
  license: BSD-3-Clause
  license_family: BSD
  size: 16822
  timestamp: 1779209283775
- conda: https://repo.anaconda.com/pkgs/main/win-64/vc14_runtime-14.44.35208-h4927774_12.conda
  sha256: 492ba65a50d99120e047469057f5eaddd3043cf17a18761653d1b3ae5d9d6c84
  md5: 061ea1cc93ee2dd574defcaa4e93c4e5
  depends:
  - ucrt >=10.0.20348.0
  constrains:
  - vs2015_runtime 14.44.35208.* *_12
  license: LicenseRef-MicrosoftVisualCpp2015-2022Runtime
  license_family: Proprietary
  size: 679595
  timestamp: 1779209267029
