version: 7
platforms:
- name: linux-64
- name: linux-aarch64
- name: osx-arm64
- name: win-64
environments:
  default:
    channels:
    - url: https://repo.anaconda.com/pkgs/main/
    packages:
      linux-64:
      - conda: https://repo.anaconda.com/pkgs/main/linux-64/_libgcc_mutex-0.1-main.conda
      - conda: https://repo.anaconda.com/pkgs/main/linux-64/_openmp_mutex-5.1-1_gnu.conda
      - conda: https://repo.anaconda.com/pkgs/main/linux-64/ca-certificates-2026.3.19-h06a4308_0.conda
      - conda: https://repo.anaconda.com/pkgs/main/linux-64/libgcc-15.2.0-h69a1729_7.conda
      - conda: https://repo.anaconda.com/pkgs/main/linux-64/libgomp-15.2.0-h4751f2c_7.conda
      - conda: https://repo.anaconda.com/pkgs/main/linux-64/openssl-3.5.6-h1b28b03_0.conda
      - conda: https://repo.anaconda.com/pkgs/main/linux-64/pixi-0.67.1-h04fe016_0.conda
      linux-aarch64:
      - conda: https://repo.anaconda.com/pkgs/main/linux-aarch64/_libgcc_mutex-0.1-main.conda
      - conda: https://repo.anaconda.com/pkgs/main/linux-aarch64/_openmp_mutex-5.1-51_gnu.conda
      - conda: https://repo.anaconda.com/pkgs/main/linux-aarch64/ca-certificates-2026.3.19-hd43f75c_0.conda
      - conda: https://repo.anaconda.com/pkgs/main/linux-aarch64/libgcc-15.2.0-hc18542e_7.conda
      - conda: https://repo.anaconda.com/pkgs/main/linux-aarch64/libgomp-15.2.0-hf47c802_7.conda
      - conda: https://repo.anaconda.com/pkgs/main/linux-aarch64/openssl-3.5.6-h39c9139_0.conda
      - conda: https://repo.anaconda.com/pkgs/main/linux-aarch64/pixi-0.67.1-haa502f6_0.conda
      osx-arm64:
      - conda: https://repo.anaconda.com/pkgs/main/osx-arm64/pixi-0.67.1-h3983f12_0.conda
      win-64:
      - conda: https://repo.anaconda.com/pkgs/main/win-64/ca-certificates-2026.3.19-haa95532_0.conda
      - conda: https://repo.anaconda.com/pkgs/main/win-64/curl-8.19.0-h181825b_0.conda
      - conda: https://repo.anaconda.com/pkgs/main/win-64/libbrotlicommon-1.2.0-h907acca_0.conda
      - conda: https://repo.anaconda.com/pkgs/main/win-64/libbrotlidec-1.2.0-h02c67a5_0.conda
      - conda: https://repo.anaconda.com/pkgs/main/win-64/libbrotlienc-1.2.0-h483e6b9_0.conda
      - conda: https://repo.anaconda.com/pkgs/main/win-64/libcurl-8.19.0-h19d1b0a_0.conda
      - conda: https://repo.anaconda.com/pkgs/main/win-64/libgit2-1.6.4-h9e6c8e4_1.conda
      - conda: https://repo.anaconda.com/pkgs/main/win-64/libkrb5-1.22.1-h3d06f0e_1.conda
      - conda: https://repo.anaconda.com/pkgs/main/win-64/libssh2-1.11.1-h2addb87_0.conda
      - conda: https://repo.anaconda.com/pkgs/main/win-64/libzlib-1.3.1-h02ab6af_0.conda
      - conda: https://repo.anaconda.com/pkgs/main/win-64/lz4-c-1.9.4-h2bbff1b_1.conda
      - conda: https://repo.anaconda.com/pkgs/main/win-64/openssl-3.5.5-hbb43b14_0.conda
      - conda: https://repo.anaconda.com/pkgs/main/win-64/pixi-0.67.1-h9bc2d27_0.conda
      - conda: https://repo.anaconda.com/pkgs/main/win-64/ucrt-10.0.22621.0-haa95532_0.conda
      - conda: https://repo.anaconda.com/pkgs/main/win-64/vc-14.3-h2df5915_10.conda
      - conda: https://repo.anaconda.com/pkgs/main/win-64/vc14_runtime-14.44.35208-h4927774_10.conda
      - conda: https://repo.anaconda.com/pkgs/main/win-64/vs2015_runtime-14.44.35208-ha6b5a95_10.conda
      - conda: https://repo.anaconda.com/pkgs/main/win-64/xz-5.8.2-h53af0af_0.conda
      - conda: https://repo.anaconda.com/pkgs/main/win-64/zlib-1.3.1-h02ab6af_0.conda
      - conda: https://repo.anaconda.com/pkgs/main/win-64/zstd-1.5.7-h56299aa_0.conda
packages:
- conda: https://repo.anaconda.com/pkgs/main/linux-64/_libgcc_mutex-0.1-main.conda
  sha256: 476626712f60e5ef0fe04c354727152b1ee5285d57ccd3575c7be930122bd051
  md5: c3473ff8bdb3d124ed5ff11ec380d6f9
  size: 3473
  timestamp: 1562011674792
- conda: https://repo.anaconda.com/pkgs/main/linux-64/_openmp_mutex-5.1-1_gnu.conda
  sha256: 576011048d23f2e03372263493c5529f802286ff53e8426df99a5b11cc2572f3
  md5: 71d281e9c2192cb3fa425655a8defb85
  depends:
  - _libgcc_mutex 0.1 main
  - libgomp >=7.5.0
  constrains:
  - openmp_impl 9999
  license: BSD-3-Clause
  size: 21315
  timestamp: 1652859733309
- conda: https://repo.anaconda.com/pkgs/main/linux-64/ca-certificates-2026.3.19-h06a4308_0.conda
  sha256: 8a9aef8816cff77cfde5d9d90e45b67653bf5099b0f7c221cf0746da3461d95b
  md5: 291793559c71f945283cdb33962e7761
  license: MPL-2.0
  license_family: Other
  size: 128969
  timestamp: 1774365804711
- conda: https://repo.anaconda.com/pkgs/main/linux-64/libgcc-15.2.0-h69a1729_7.conda
  sha256: baf9d8d16e2a8ae7a4d1b80f2c1a932deaca1a87c677a370f6ab4688482db47b
  md5: 01fb1b8725fc7f66312b9d409758917a
  depends:
  - __glibc >=2.28,<3.0.a0
  - _openmp_mutex >=4.5
  constrains:
  - libgcc-ng ==15.2.0=*_7
  - libgomp 15.2.0 h4751f2c_7
  license: GPL-3.0-only WITH GCC-exception-3.1
  size: 825084
  timestamp: 1762772576461
- conda: https://repo.anaconda.com/pkgs/main/linux-64/libgomp-15.2.0-h4751f2c_7.conda
  sha256: 835e44371812c91563a00dec8bc98c460f8b9f33f50543244bc8774c446a2172
  md5: 82025ed6da944bd419d42d9b1ff116aa
  depends:
  - __glibc >=2.28,<3.0.a0
  license: GPL-3.0-only WITH GCC-exception-3.1
  size: 446183
  timestamp: 1762772542830
- conda: https://repo.anaconda.com/pkgs/main/linux-64/openssl-3.5.6-h1b28b03_0.conda
  sha256: 2ab27b5fe0a8d348262386d36a17c50bb688dc83a8443fe39ef561ea5fc09a7d
  md5: 5341b8a62a122529fc2083c6ed4174f6
  depends:
  - __glibc >=2.28,<3.0.a0
  - ca-certificates
  - libgcc >=14
  license: Apache-2.0
  license_family: Apache
  size: 5918095
  timestamp: 1775749314567
- conda: https://repo.anaconda.com/pkgs/main/linux-64/pixi-0.67.1-h04fe016_0.conda
  sha256: 7d16829eb4d2bc905caee8a5ba406ec2ba9674d8a94f8284b952bdc8ca3c55df
  md5: 5db65b7b0423e115d7e95e0ab235adee
  depends:
  - __glibc >=2.28,<3.0.a0
  - libgcc >=14
  - openssl >=3.5.6,<4.0a0
  license: BSD-3-Clause
  license_family: BSD
  size: 29378219
  timestamp: 1776810837621
- conda: https://repo.anaconda.com/pkgs/main/linux-aarch64/_libgcc_mutex-0.1-main.conda
  sha256: 41e43dedb2e5805d15b60d0e337f625c6308b49ec94e1c7a2b34a62257ab850f
  md5: b272288d02db5520249ca7870c2287b4
  license: None
  size: 2491
  timestamp: 1617219512888
- conda: https://repo.anaconda.com/pkgs/main/linux-aarch64/_openmp_mutex-5.1-51_gnu.conda
  build_number: 51
  sha256: 70892a5efb5803b565ba889b5479b6e866a0fabce3a7d2f648e494a9e7bff49b
  md5: 66329dd81c60123e0d7c4c39b7ee7afe
  depends:
  - _libgcc_mutex 0.1 main
  - libgomp >=7.5.0
  constrains:
  - openmp_impl 9999
  license: BSD-3-Clause
  size: 1427721
  timestamp: 1621385842900
- conda: https://repo.anaconda.com/pkgs/main/linux-aarch64/ca-certificates-2026.3.19-hd43f75c_0.conda
  sha256: 3e384eff3151ac56bddedb0e283b8fd48e5f0f01467b46cbf6246323f2e213c2
  md5: 51d892f6d58c233a961bb88a72a80d16
  license: MPL-2.0
  license_family: Other
  size: 128939
  timestamp: 1774365802467
- conda: https://repo.anaconda.com/pkgs/main/linux-aarch64/libgcc-15.2.0-hc18542e_7.conda
  sha256: 06ae831ca00e09a65ba8b5536e8b728be3eb909e0cf041ebcc542b92fa4bc969
  md5: a31a8c63a5fe7234863f8e9dd2b20901
  depends:
  - __glibc >=2.28,<3.0.a0
  - _openmp_mutex >=4.5
  constrains:
  - libgcc-ng ==15.2.0=*_7
  - libgomp 15.2.0 hf47c802_7
  license: GPL-3.0-only WITH GCC-exception-3.1
  size: 511039
  timestamp: 1762772353789
- conda: https://repo.anaconda.com/pkgs/main/linux-aarch64/libgomp-15.2.0-hf47c802_7.conda
  sha256: 69eeb9a1342df1ba18d0fa994ebf3a43a653cf48a006b8778682cf032cf1e565
  md5: 3403656472f38870e65c29aa6065e00e
  depends:
  - __glibc >=2.28,<3.0.a0
  license: GPL-3.0-only WITH GCC-exception-3.1
  size: 449546
  timestamp: 1762772309007
- conda: https://repo.anaconda.com/pkgs/main/linux-aarch64/openssl-3.5.6-h39c9139_0.conda
  sha256: 1a8c2aa57cbef6576d04a2889da51cef641adbfbea56c66577b90772c0964a98
  md5: 1fea8b1c8a9858054c8ea4ef0a0f0ce4
  depends:
  - __glibc >=2.28,<3.0.a0
  - ca-certificates
  - libgcc >=14
  license: Apache-2.0
  license_family: Apache
  size: 6541356
  timestamp: 1775749241503
- conda: https://repo.anaconda.com/pkgs/main/linux-aarch64/pixi-0.67.1-haa502f6_0.conda
  sha256: 56ae79f97dcd4e82b3aac1a6fcd262bbbc3aedf70473b7df940e214bb03209fe
  md5: 17261faa86c282ce5c4679fa8f65d23a
  depends:
  - __glibc >=2.28,<3.0.a0
  - libgcc >=14
  - openssl >=3.5.6,<4.0a0
  license: BSD-3-Clause
  license_family: BSD
  size: 29079478
  timestamp: 1776810825896
- conda: https://repo.anaconda.com/pkgs/main/osx-arm64/pixi-0.67.1-h3983f12_0.conda
  sha256: f36e75f3d030b2a177a0a1a5dd3fdf0ea5c3227de555c4526e15eb730fca4f44
  md5: cbf9b4d8fd925cc9f0eb8b006205b5b3
  depends:
  - __osx >=12.1
  license: BSD-3-Clause
  license_family: BSD
  size: 25035781
  timestamp: 1776810670888
- conda: https://repo.anaconda.com/pkgs/main/win-64/ca-certificates-2026.3.19-haa95532_0.conda
  sha256: 922ec2dc939cf5a6790a391d5164952ab4c3802ab882fad71da361888a20ad81
  md5: 646f2cc64c282566396335d4e352a3b4
  license: MPL-2.0
  license_family: Other
  size: 128933
  timestamp: 1774365840323
- conda: https://repo.anaconda.com/pkgs/main/win-64/curl-8.19.0-h181825b_0.conda
  sha256: dcc14532840d6a78a77f299618af72428e02d5197a406f74f36464602c65ca12
  md5: 49166722a3326aeba77324a1875b1b40
  depends:
  - libcurl 8.19.0 h19d1b0a_0
  - libzlib >=1.3.1,<2.0a0
  - ucrt >=10.0.20348.0
  - vc >=14.3,<15
  - vc14_runtime >=14.44.35208
  license: curl
  license_family: MIT
  size: 190610
  timestamp: 1774299597249
- conda: https://repo.anaconda.com/pkgs/main/win-64/libbrotlicommon-1.2.0-h907acca_0.conda
  sha256: 515b14efb88b6a184c3a228df9d735a60505a77d6d0d85ca2efe3fdf26135f7c
  md5: d9c1dc58106b14e5173de685e8593dde
  depends:
  - ucrt >=10.0.20348.0
  - vc >=14.2,<15
  - vc14_runtime >=14.29.30133
  license: MIT
  license_family: MIT
  size: 87952
  timestamp: 1762363782214
- conda: https://repo.anaconda.com/pkgs/main/win-64/libbrotlidec-1.2.0-h02c67a5_0.conda
  sha256: 6b9147b66d9807378598c27fc5fff2e3eb3eaa807036d0c18c0d90778f612260
  md5: 6571166b6a690d451fbf6500c4ffba2e
  depends:
  - libbrotlicommon 1.2.0 h907acca_0
  - ucrt >=10.0.20348.0
  - vc >=14.2,<15
  - vc14_runtime >=14.29.30133
  license: MIT
  license_family: MIT
  size: 40440
  timestamp: 1762363799309
- conda: https://repo.anaconda.com/pkgs/main/win-64/libbrotlienc-1.2.0-h483e6b9_0.conda
  sha256: 5ff2563603fe5f0114da382bc0de34b060751a6aea9690f919fd20fdf448c3be
  md5: f2b21ddeba6f3dc5b3206b6913128cc8
  depends:
  - libbrotlicommon 1.2.0 h907acca_0
  - ucrt >=10.0.20348.0
  - vc >=14.2,<15
  - vc14_runtime >=14.29.30133
  license: MIT
  license_family: MIT
  size: 259203
  timestamp: 1762363815702
- conda: https://repo.anaconda.com/pkgs/main/win-64/libcurl-8.19.0-h19d1b0a_0.conda
  sha256: 62bf3fccf66c74678df3e6bc6d9f28cb3e629c47d2596ad9929d74325441d4bb
  md5: 2364f8dcdcfb94324165da29b23e7324
  depends:
  - libbrotlicommon >=1.2.0,<1.3.0a0
  - libbrotlidec >=1.2.0,<1.3.0a0
  - libbrotlienc >=1.2.0,<1.3.0a0
  - libkrb5 >=1.22.1,<1.23.0a0
  - libssh2 >=1.11.1
  - libssh2 >=1.11.1,<2.0a0
  - libzlib >=1.3.1,<2.0a0
  - ucrt >=10.0.20348.0
  - vc >=14.3,<15
  - vc14_runtime >=14.44.35208
  - zstd >=1.5.7,<1.6.0a0
  license: curl
  license_family: MIT
  size: 397374
  timestamp: 1774299584205
- conda: https://repo.anaconda.com/pkgs/main/win-64/libgit2-1.6.4-h9e6c8e4_1.conda
  sha256: 70b3462a42fd8561ed90aab79bfd8b645695ffcdcec92d208f163d5bfadcaa09
  md5: f05a5fce2300bc37abc64e0c6f20e4fb
  depends:
  - curl
  - libssh2 >=1.10.0,<2.0a0
  - ucrt >=10.0.20348.0
  - vc >=14.2,<15
  - vc14_runtime >=14.29.30133
  - zlib >=1.2.13,<2.0a0
  license: GPL-2.0-only WITH GCC-exception-2.0
  license_family: GPL2
  size: 1071379
  timestamp: 1760356500340
- conda: https://repo.anaconda.com/pkgs/main/win-64/libkrb5-1.22.1-h3d06f0e_1.conda
  sha256: b179996d88eb33e2d0adc3418ee08c04dea5b96e49f76502c09af1643f8d9245
  md5: 7cf3e0d3e8de34c05bc06825387cc5d5
  depends:
  - ucrt >=10.0.20348.0
  - vc >=14.3,<15
  - vc14_runtime >=14.44.35208
  constrains:
  - krb5 1.22.1
  license: MIT
  license_family: MIT
  size: 693609
  timestamp: 1775138282724
- conda: https://repo.anaconda.com/pkgs/main/win-64/libssh2-1.11.1-h2addb87_0.conda
  sha256: ff2d46c586844c88b62ef6bb1419f89690a9e4db714ed2cdb3589ffdd0d8ef9e
  md5: d8ae56ee95db60cbd5f8f8ff63ed1f63
  depends:
  - openssl >=3.0.15,<4.0a0
  - vc >=14.2,<15.0a0
  - vs2015_runtime >=14.29.30133,<15.0a0
  - zlib >=1.2.13,<2.0.0a0
  license: BSD-3-Clause
  license_family: BSD
  size: 319541
  timestamp: 1732891385479
- conda: https://repo.anaconda.com/pkgs/main/win-64/libzlib-1.3.1-h02ab6af_0.conda
  sha256: 0478d0e08e9737e6680343cd26380d8faf4f038bb59170818868cd2fb69e5481
  md5: 1e313539489432d5edd44efbec8a4d53
  depends:
  - ucrt >=10.0.20348.0
  - vc >=14.2,<15
  - vc14_runtime >=14.29.30133
  constrains:
  - zlib 1.3.1
  license: Zlib
  license_family: OTHER
  size: 65950
  timestamp: 1756476045869
- conda: https://repo.anaconda.com/pkgs/main/win-64/lz4-c-1.9.4-h2bbff1b_1.conda
  sha256: 0e848b5004a9dc7a06f459cc67c404d7fb0321bf134ec7512815afafe97960b4
  md5: 723e3ccd4ef7c58ddbfeebe69abff662
  depends:
  - vc >=14.1,<15.0a0
  - vs2015_runtime >=14.16.27012,<15.0a0
  license: BSD-2-Clause
  license_family: BSD
  size: 155711
  timestamp: 1714512129889
- conda: https://repo.anaconda.com/pkgs/main/win-64/openssl-3.5.5-hbb43b14_0.conda
  sha256: 74838df34c6e4e0d5279a33b7d82ca287b42c45c468e9993668b94fefea1853c
  md5: 06f0b0505049ec5179fa18c61974bcfb
  depends:
  - ca-certificates
  - ucrt >=10.0.20348.0
  - vc >=14.3,<15
  - vc14_runtime >=14.44.35208
  license: Apache-2.0
  license_family: Apache
  size: 9306859
  timestamp: 1772121458614
- conda: https://repo.anaconda.com/pkgs/main/win-64/pixi-0.67.1-h9bc2d27_0.conda
  sha256: ac0b410d3a8f3f05704d6e7f82db23552530020fe3cfc12fc36078a49b45f735
  md5: cbbb1f9cd30b9855e071322a376ca827
  depends:
  - libgit2 >=1.6.4,<1.7.0a0
  - ucrt >=10.0.20348.0
  - vc >=14.3,<15
  - vc14_runtime >=14.44.35208
  license: BSD-3-Clause
  license_family: BSD
  size: 24364598
  timestamp: 1776811771936
- conda: https://repo.anaconda.com/pkgs/main/win-64/ucrt-10.0.22621.0-haa95532_0.conda
  sha256: 9dfca4fb23f20e62a48b9c52e2fdf4d0d34bb31eb6a930c2195fcd10651b3cc3
  md5: 15e1b10231d7d236520501fcfb440f31
  constrains:
  - vs2015_runtime >=14.29.30037
  license: LicenseRef-MicrosoftWindowsSDK10
  size: 634816
  timestamp: 1752158202557
- conda: https://repo.anaconda.com/pkgs/main/win-64/vc-14.3-h2df5915_10.conda
  sha256: d427b27e553a5caa78284a995ff9c3720b0f213a0e650fe9d3b54b4b4a65f241
  md5: 064c529f6f598fb2225446f76687a170
  depends:
  - vc14_runtime >=14.42.34433
  license: BSD-3-Clause
  license_family: BSD
  size: 19506
  timestamp: 1752199946483
- conda: https://repo.anaconda.com/pkgs/main/win-64/vc14_runtime-14.44.35208-h4927774_10.conda
  sha256: 747f5d55439e327d3b035c0078be59991ffa5683542fbcecbcc6abcfff50588a
  md5: 13296ea2847729c01c316b089cb28337
  depends:
  - ucrt >=10.0.20348.0
  constrains:
  - vs2015_runtime 14.44.35208.* *_10
  license: LicenseRef-MicrosoftVisualCpp2015-2022Runtime
  license_family: Proprietary
  size: 845189
  timestamp: 1752199754308
- conda: https://repo.anaconda.com/pkgs/main/win-64/vs2015_runtime-14.44.35208-ha6b5a95_10.conda
  sha256: fa731e65f9c6b7b9559cb93653d067658594f39d2bc5c75cae85ac2385d79d06
  md5: 58665d8e606897afb52a202669673c40
  depends:
  - vc14_runtime >=14.44.35208
  license: BSD-3-Clause
  license_family: BSD
  size: 19526
  timestamp: 1752199762272
- conda: https://repo.anaconda.com/pkgs/main/win-64/xz-5.8.2-h53af0af_0.conda
  sha256: e09005f52c41234213bd52ebd07092d945855b6d631dd709dcf35dbc71a15c63
  md5: 70e604035b6c97b915114912f047fb2a
  depends:
  - ucrt >=10.0.20348.0
  - vc >=14.3,<15
  - vc14_runtime >=14.44.35208
  license: LGPL-2.1-or-later and GPL-2.0-or-later and 0BSD
  license_family: GPL2
  size: 271653
  timestamp: 1772548477626
- conda: https://repo.anaconda.com/pkgs/main/win-64/zlib-1.3.1-h02ab6af_0.conda
  sha256: 116120d38011eea43cbeeb70e00b0eaa3b1c0a3f470df09aadb0d0b66aebbf60
  md5: 4db9b3fbefe915ffb9eef8c812a98c6a
  depends:
  - libzlib 1.3.1 h02ab6af_0
  - ucrt >=10.0.20348.0
  - vc >=14.2,<15
  - vc14_runtime >=14.29.30133
  license: Zlib
  license_family: OTHER
  size: 115567
  timestamp: 1756476083170
- conda: https://repo.anaconda.com/pkgs/main/win-64/zstd-1.5.7-h56299aa_0.conda
  sha256: c822ed29c20166934ef9c9e29b863bc382b2c3c602ac1f3a62e9af2c0495a74c
  md5: fd829528313216f62505dd7a281230ea
  depends:
  - libzlib >=1.3.1,<2.0a0
  - lz4-c >=1.9.4,<1.10.0a0
  - ucrt >=10.0.20348.0
  - vc >=14.2,<15
  - vc14_runtime >=14.29.30133
  - xz >=5.6.4,<6.0a0
  license: BSD-3-Clause AND GPL-2.0-or-later
  license_family: BSD
  size: 660146
  timestamp: 1758039218319
